
Microsoft Visual Studio Solution File, Format Version 12.00
# Visual Studio 15
VisualStudioVersion = 15.0.28307.902
MinimumVisualStudioVersion = 10.0.40219.1
Project("{FAE04EC0-301F-11D3-BF4B-00C04F79EFBC}") = "Mobile_clicker.Android", "Mobile_clicker\Mobile_clicker.Android\Mobile_clicker.Android.csproj", "{B2104E48-1A9A-4395-9B9F-C471C5B11352}"
EndProject
Project("{FAE04EC0-301F-11D3-BF4B-00C04F79EFBC}") = "Mobile_clicker.iOS", "Mobile_clicker\Mobile_clicker.iOS\Mobile_clicker.iOS.csproj", "{544B2581-933F-4FAE-AD7D-EAF75E7FFB18}"
EndProject
Project("{9A19103F-16F7-4668-BE54-9A1E7A4F7556}") = "Mobile_clicker", "Mobile_clicker\Mobile_clicker\Mobile_clicker.csproj", "{2DCC6330-8A9C-428C-90F7-BAC95934520C}"
EndProject
Global
	GlobalSection(SolutionConfigurationPlatforms) = preSolution
		Ad-Hoc|Any CPU = Ad-Hoc|Any CPU
		Ad-Hoc|iPhone = Ad-Hoc|iPhone
		Ad-Hoc|iPhoneSimulator = Ad-Hoc|iPhoneSimulator
		AppStore|Any CPU = AppStore|Any CPU
		AppStore|iPhone = AppStore|iPhone
		AppStore|iPhoneSimulator = AppStore|iPhoneSimulator
		Debug|Any CPU = Debug|Any CPU
		Debug|iPhone = Debug|iPhone
		Debug|iPhoneSimulator = Debug|iPhoneSimulator
		Release|Any CPU = Release|Any CPU
		Release|iPhone = Release|iPhone
		Release|iPhoneSimulator = Release|iPhoneSimulator
	EndGlobalSection
	GlobalSection(ProjectConfigurationPlatforms) = postSolution
		{B2104E48-1A9A-4395-9B9F-C471C5B11352}.Ad-Hoc|Any CPU.ActiveCfg = Release|Any CPU
		{B2104E48-1A9A-4395-9B9F-C471C5B11352}.Ad-Hoc|Any CPU.Build.0 = Release|Any CPU
		{B2104E48-1A9A-4395-9B9F-C471C5B11352}.Ad-Hoc|Any CPU.Deploy.0 = Release|Any CPU
		{B2104E48-1A9A-4395-9B9F-C471C5B11352}.Ad-Hoc|iPhone.ActiveCfg = Release|Any CPU
		{B2104E48-1A9A-4395-9B9F-C471C5B11352}.Ad-Hoc|iPhone.Build.0 = Release|Any CPU
		{B2104E48-1A9A-4395-9B9F-C471C5B11352}.Ad-Hoc|iPhone.Deploy.0 = Release|Any CPU
		{B2104E48-1A9A-4395-9B9F-C471C5B11352}.Ad-Hoc|iPhoneSimulator.ActiveCfg = Release|Any CPU
		{B2104E48-1A9A-4395-9B9F-C471C5B11352}.Ad-Hoc|iPhoneSimulator.Build.0 = Release|Any CPU
		{B2104E48-1A9A-4395-9B9F-C471C5B11352}.Ad-Hoc|iPhoneSimulator.Deploy.0 = Release|Any CPU
		{B2104E48-1A9A-4395-9B9F-C471C5B11352}.AppStore|Any CPU.ActiveCfg = Release|Any CPU
		{B2104E48-1A9A-4395-9B9F-C471C5B11352}.AppStore|Any CPU.Build.0 = Release|Any CPU
		{B2104E48-1A9A-4395-9B9F-C471C5B11352}.AppStore|Any CPU.Deploy.0 = Release|Any CPU
		{B2104E48-1A9A-4395-9B9F-C471C5B11352}.AppStore|iPhone.ActiveCfg = Release|Any CPU
		{B2104E48-1A9A-4395-9B9F-C471C5B11352}.AppStore|iPhone.Build.0 = Release|Any CPU
		{B2104E48-1A9A-4395-9B9F-C471C5B11352}.AppStore|iPhone.Deploy.0 = Release|Any CPU
		{B2104E48-1A9A-4395-9B9F-C471C5B11352}.AppStore|iPhoneSimulator.ActiveCfg = Release|Any CPU
		{B2104E48-1A9A-4395-9B9F-C471C5B11352}.AppStore|iPhoneSimulator.Build.0 = Release|Any CPU
		{B2104E48-1A9A-4395-9B9F-C471C5B11352}.AppStore|iPhoneSimulator.Deploy.0 = Release|Any CPU
		{B2104E48-1A9A-4395-9B9F-C471C5B11352}.Debug|Any CPU.ActiveCfg = Debug|Any CPU
		{B2104E48-1A9A-4395-9B9F-C471C5B11352}.Debug|Any CPU.Build.0 = Debug|Any CPU
		{B2104E48-1A9A-4395-9B9F-C471C5B11352}.Debug|Any CPU.Deploy.0 = Debug|Any CPU
		{B2104E48-1A9A-4395-9B9F-C471C5B11352}.Debug|iPhone.ActiveCfg = Debug|Any CPU
		{B2104E48-1A9A-4395-9B9F-C471C5B11352}.Debug|iPhone.Build.0 = Debug|Any CPU
		{B2104E48-1A9A-4395-9B9F-C471C5B11352}.Debug|iPhone.Deploy.0 = Debug|Any CPU
		{B2104E48-1A9A-4395-9B9F-C471C5B11352}.Debug|iPhoneSimulator.ActiveCfg = Debug|Any CPU
		{B2104E48-1A9A-4395-9B9F-C471C5B11352}.Debug|iPhoneSimulator.Build.0 = Debug|Any CPU
		{B2104E48-1A9A-4395-9B9F-C471C5B11352}.Debug|iPhoneSimulator.Deploy.0 = Debug|Any CPU
		{B2104E48-1A9A-4395-9B9F-C471C5B11352}.Release|Any CPU.ActiveCfg = Release|Any CPU
		{B2104E48-1A9A-4395-9B9F-C471C5B11352}.Release|Any CPU.Build.0 = Release|Any CPU
		{B2104E48-1A9A-4395-9B9F-C471C5B11352}.Release|Any CPU.Deploy.0 = Release|Any CPU
		{B2104E48-1A9A-4395-9B9F-C471C5B11352}.Release|iPhone.ActiveCfg = Release|Any CPU
		{B2104E48-1A9A-4395-9B9F-C471C5B11352}.Release|iPhone.Build.0 = Release|Any CPU
		{B2104E48-1A9A-4395-9B9F-C471C5B11352}.Release|iPhone.Deploy.0 = Release|Any CPU
		{B2104E48-1A9A-4395-9B9F-C471C5B11352}.Release|iPhoneSimulator.ActiveCfg = Release|Any CPU
		{B2104E48-1A9A-4395-9B9F-C471C5B11352}.Release|iPhoneSimulator.Build.0 = Release|Any CPU
		{B2104E48-1A9A-4395-9B9F-C471C5B11352}.Release|iPhoneSimulator.Deploy.0 = Release|Any CPU
		{544B2581-933F-4FAE-AD7D-EAF75E7FFB18}.Ad-Hoc|Any CPU.ActiveCfg = Ad-Hoc|iPhone
		{544B2581-933F-4FAE-AD7D-EAF75E7FFB18}.Ad-Hoc|Any CPU.Build.0 = Ad-Hoc|iPhone
		{544B2581-933F-4FAE-AD7D-EAF75E7FFB18}.Ad-Hoc|Any CPU.Deploy.0 = Ad-Hoc|iPhone
		{544B2581-933F-4FAE-AD7D-EAF75E7FFB18}.Ad-Hoc|iPhone.ActiveCfg = Ad-Hoc|iPhone
		{544B2581-933F-4FAE-AD7D-EAF75E7FFB18}.Ad-Hoc|iPhone.Build.0 = Ad-Hoc|iPhone
		{544B2581-933F-4FAE-AD7D-EAF75E7FFB18}.Ad-Hoc|iPhone.Deploy.0 = Ad-Hoc|iPhone
		{544B2581-933F-4FAE-AD7D-EAF75E7FFB18}.Ad-Hoc|iPhoneSimulator.ActiveCfg = Ad-Hoc|iPhoneSimulator
		{544B2581-933F-4FAE-AD7D-EAF75E7FFB18}.Ad-Hoc|iPhoneSimulator.Build.0 = Ad-Hoc|iPhoneSimulator
		{544B2581-933F-4FAE-AD7D-EAF75E7FFB18}.Ad-Hoc|iPhoneSimulator.Deploy.0 = Ad-Hoc|iPhoneSimulator
		{544B2581-933F-4FAE-AD7D-EAF75E7FFB18}.AppStore|Any CPU.ActiveCfg = AppStore|iPhone
		{544B2581-933F-4FAE-AD7D-EAF75E7FFB18}.AppStore|Any CPU.Build.0 = AppStore|iPhone
		{544B2581-933F-4FAE-AD7D-EAF75E7FFB18}.AppStore|Any CPU.Deploy.0 = AppStore|iPhone
		{544B2581-933F-4FAE-AD7D-EAF75E7FFB18}.AppStore|iPhone.ActiveCfg = AppStore|iPhone
		{544B2581-933F-4FAE-AD7D-EAF75E7FFB18}.AppStore|iPhone.Build.0 = AppStore|iPhone
		{544B2581-933F-4FAE-AD7D-EAF75E7FFB18}.AppStore|iPhone.Deploy.0 = AppStore|iPhone
		{544B2581-933F-4FAE-AD7D-EAF75E7FFB18}.AppStore|iPhoneSimulator.ActiveCfg = AppStore|iPhoneSimulator
		{544B2581-933F-4FAE-AD7D-EAF75E7FFB18}.AppStore|iPhoneSimulator.Build.0 = AppStore|iPhoneSimulator
		{544B2581-933F-4FAE-AD7D-EAF75E7FFB18}.AppStore|iPhoneSimulator.Deploy.0 = AppStore|iPhoneSimulator
		{544B2581-933F-4FAE-AD7D-EAF75E7FFB18}.Debug|Any CPU.ActiveCfg = Debug|iPhoneSimulator
		{544B2581-933F-4FAE-AD7D-EAF75E7FFB18}.Debug|Any CPU.Deploy.0 = Debug|iPhoneSimulator
		{544B2581-933F-4FAE-AD7D-EAF75E7FFB18}.Debug|iPhone.ActiveCfg = Debug|iPhone
		{544B2581-933F-4FAE-AD7D-EAF75E7FFB18}.Debug|iPhone.Build.0 = Debug|iPhone
		{544B2581-933F-4FAE-AD7D-EAF75E7FFB18}.Debug|iPhone.Deploy.0 = Debug|iPhone
		{544B2581-933F-4FAE-AD7D-EAF75E7FFB18}.Debug|iPhoneSimulator.ActiveCfg = Debug|iPhoneSimulator
		{544B2581-933F-4FAE-AD7D-EAF75E7FFB18}.Debug|iPhoneSimulator.Build.0 = Debug|iPhoneSimulator
		{544B2581-933F-4FAE-AD7D-EAF75E7FFB18}.Debug|iPhoneSimulator.Deploy.0 = Debug|iPhoneSimulator
		{544B2581-933F-4FAE-AD7D-EAF75E7FFB18}.Release|Any CPU.ActiveCfg = Release|iPhone
		{544B2581-933F-4FAE-AD7D-EAF75E7FFB18}.Release|Any CPU.Build.0 = Release|iPhone
		{544B2581-933F-4FAE-AD7D-EAF75E7FFB18}.Release|Any CPU.Deploy.0 = Release|iPhone
		{544B2581-933F-4FAE-AD7D-EAF75E7FFB18}.Release|iPhone.ActiveCfg = Release|iPhone
		{544B2581-933F-4FAE-AD7D-EAF75E7FFB18}.Release|iPhone.Build.0 = Release|iPhone
		{544B2581-933F-4FAE-AD7D-EAF75E7FFB18}.Release|iPhone.Deploy.0 = Release|iPhone
		{544B2581-933F-4FAE-AD7D-EAF75E7FFB18}.Release|iPhoneSimulator.ActiveCfg = Release|iPhoneSimulator
		{544B2581-933F-4FAE-AD7D-EAF75E7FFB18}.Release|iPhoneSimulator.Build.0 = Release|iPhoneSimulator
		{544B2581-933F-4FAE-AD7D-EAF75E7FFB18}.Release|iPhoneSimulator.Deploy.0 = Release|iPhoneSimulator
		{2DCC6330-8A9C-428C-90F7-BAC95934520C}.Ad-Hoc|Any CPU.ActiveCfg = Debug|Any CPU
		{2DCC6330-8A9C-428C-90F7-BAC95934520C}.Ad-Hoc|Any CPU.Build.0 = Debug|Any CPU
		{2DCC6330-8A9C-428C-90F7-BAC95934520C}.Ad-Hoc|Any CPU.Deploy.0 = Debug|Any CPU
		{2DCC6330-8A9C-428C-90F7-BAC95934520C}.Ad-Hoc|iPhone.ActiveCfg = Debug|Any CPU
		{2DCC6330-8A9C-428C-90F7-BAC95934520C}.Ad-Hoc|iPhone.Build.0 = Debug|Any CPU
		{2DCC6330-8A9C-428C-90F7-BAC95934520C}.Ad-Hoc|iPhone.Deploy.0 = Debug|Any CPU
		{2DCC6330-8A9C-428C-90F7-BAC95934520C}.Ad-Hoc|iPhoneSimulator.ActiveCfg = Debug|Any CPU
		{2DCC6330-8A9C-428C-90F7-BAC95934520C}.Ad-Hoc|iPhoneSimulator.Build.0 = Debug|Any CPU
		{2DCC6330-8A9C-428C-90F7-BAC95934520C}.Ad-Hoc|iPhoneSimulator.Deploy.0 = Debug|Any CPU
		{2DCC6330-8A9C-428C-90F7-BAC95934520C}.AppStore|Any CPU.ActiveCfg = Debug|Any CPU
		{2DCC6330-8A9C-428C-90F7-BAC95934520C}.AppStore|Any CPU.Build.0 = Debug|Any CPU
		{2DCC6330-8A9C-428C-90F7-BAC95934520C}.AppStore|Any CPU.Deploy.0 = Debug|Any CPU
		{2DCC6330-8A9C-428C-90F7-BAC95934520C}.AppStore|iPhone.ActiveCfg = Debug|Any CPU
		{2DCC6330-8A9C-428C-90F7-BAC95934520C}.AppStore|iPhone.Build.0 = Debug|Any CPU
		{2DCC6330-8A9C-428C-90F7-BAC95934520C}.AppStore|iPhone.Deploy.0 = Debug|Any CPU
		{2DCC6330-8A9C-428C-90F7-BAC95934520C}.AppStore|iPhoneSimulator.ActiveCfg = Debug|Any CPU
		{2DCC6330-8A9C-428C-90F7-BAC95934520C}.AppStore|iPhoneSimulator.Build.0 = Debug|Any CPU
		{2DCC6330-8A9C-428C-90F7-BAC95934520C}.AppStore|iPhoneSimulator.Deploy.0 = Debug|Any CPU
		{2DCC6330-8A9C-428C-90F7-BAC95934520C}.Debug|Any CPU.ActiveCfg = Debug|Any CPU
		{2DCC6330-8A9C-428C-90F7-BAC95934520C}.Debug|Any CPU.Build.0 = Debug|Any CPU
		{2DCC6330-8A9C-428C-90F7-BAC95934520C}.Debug|Any CPU.Deploy.0 = Debug|Any CPU
		{2DCC6330-8A9C-428C-90F7-BAC95934520C}.Debug|iPhone.ActiveCfg = Debug|Any CPU
		{2DCC6330-8A9C-428C-90F7-BAC95934520C}.Debug|iPhone.Build.0 = Debug|Any CPU
		{2DCC6330-8A9C-428C-90F7-BAC95934520C}.Debug|iPhone.Deploy.0 = Debug|Any CPU
		{2DCC6330-8A9C-428C-90F7-BAC95934520C}.Debug|iPhoneSimulator.ActiveCfg = Debug|Any CPU
		{2DCC6330-8A9C-428C-90F7-BAC95934520C}.Debug|iPhoneSimulator.Build.0 = Debug|Any CPU
		{2DCC6330-8A9C-428C-90F7-BAC95934520C}.Debug|iPhoneSimulator.Deploy.0 = Debug|Any CPU
		{2DCC6330-8A9C-428C-90F7-BAC95934520C}.Release|Any CPU.ActiveCfg = Release|Any CPU
		{2DCC6330-8A9C-428C-90F7-BAC95934520C}.Release|Any CPU.Build.0 = Release|Any CPU
		{2DCC6330-8A9C-428C-90F7-BAC95934520C}.Release|Any CPU.Deploy.0 = Release|Any CPU
		{2DCC6330-8A9C-428C-90F7-BAC95934520C}.Release|iPhone.ActiveCfg = Release|Any CPU
		{2DCC6330-8A9C-428C-90F7-BAC95934520C}.Release|iPhone.Build.0 = Release|Any CPU
		{2DCC6330-8A9C-428C-90F7-BAC95934520C}.Release|iPhone.Deploy.0 = Release|Any CPU
		{2DCC6330-8A9C-428C-90F7-BAC95934520C}.Release|iPhoneSimulator.ActiveCfg = Release|Any CPU
		{2DCC6330-8A9C-428C-90F7-BAC95934520C}.Release|iPhoneSimulator.Build.0 = Release|Any CPU
		{2DCC6330-8A9C-428C-90F7-BAC95934520C}.Release|iPhoneSimulator.Deploy.0 = Release|Any CPU
	EndGlobalSection
	GlobalSection(SolutionProperties) = preSolution
		HideSolutionNode = FALSE
	EndGlobalSection
	GlobalSection(ExtensibilityGlobals) = postSolution
		SolutionGuid = {B2E7731B-364C-417D-B487-0238D429C5D0}
	EndGlobalSection
EndGlobal
